schema: '2.0'
stages:
  download_mastr:
    cmd: uv run python pipeline/01_download_mastr.py
    deps:
    - path: pipeline/01_download_mastr.py
      hash: md5
      md5: 42f6432ab84a1a6c8dd8abcb8aefbc96
      size: 8697
    outs:
    - path: data/downloads/mastr_units_raw
      hash: md5
      md5: 725f3d3f7429b80893b827f127ecd0ab.dir
      size: 311369350
      nfiles: 6
  download_nuts:
    cmd: uv run python pipeline/02_download_nuts.py
    deps:
    - path: pipeline/02_download_nuts.py
      hash: md5
      md5: 081024f4241d9073835fda20777b129d
      size: 2987
    outs:
    - path: data/downloads/country_borders.geojson
      hash: md5
      md5: dd213118020e9d2604bf9f29b540bfa5
      size: 1758506
    - path: data/downloads/lau_nuts_correspondence.parquet
      hash: md5
      md5: 5c0225a0c5f9faf4a41e2878e5adaf53
      size: 66832
    - path: data/downloads/nuts_regions.geojson
      hash: md5
      md5: deef50e6af7cf70882303055901eae9c
      size: 7149154
  build_capacity_panel:
    cmd: uv run python pipeline/03_build_capacity_panel.py
    deps:
    - path: data/downloads/lau_nuts_correspondence.parquet
      hash: md5
      md5: 5c0225a0c5f9faf4a41e2878e5adaf53
      size: 66832
    - path: data/downloads/mastr_units_raw
      hash: md5
      md5: 725f3d3f7429b80893b827f127ecd0ab.dir
      size: 311369350
      nfiles: 6
    - path: pipeline/03_build_capacity_panel.py
      hash: md5
      md5: 2e7e98a0f4aae6d1078d97069d45dfbf
      size: 17971
    outs:
    - path: data/processed/capacity_by_nuts2_month.parquet
      hash: md5
      md5: dd1d6f1b803629ed59f3b944ccd7e589
      size: 330102
    - path: data/processed/capacity_by_offshore_month.parquet
      hash: md5
      md5: b6aea9a7c36065dc1624603074adf573
      size: 5615
    - path: data/processed/capacity_by_region_month.parquet
      hash: md5
      md5: a43ce6293353966e73b5071e87aeda62
      size: 2584090
    - path: data/processed/capacity_by_region_year.parquet
      hash: md5
      md5: f742a5cfeb1c1a66a51bddade3653fe1
      size: 588675
    - path: data/processed/capacity_by_region_year_pv_category.parquet
      hash: md5
      md5: 73296b08c3718e079c5e1690e80c5206
      size: 546842
    - path: data/processed/capacity_events.parquet
      hash: md5
      md5: 9fc58d08e674dbb80b45d8c10f5ab374
      size: 147620575
    - path: data/processed/offshore_regions.geojson
      hash: md5
      md5: 0bae64cc6eae340ba323c5ba83137532
      size: 1594
  process_eda:
    cmd: MPLBACKEND=Agg uv run jupytext --to notebook --execute --set-kernel 
      python3 --output book/notebooks/04_eda.ipynb pipeline/04_eda.py && uv run 
      python pipeline/_strip_jupytext_metadata.py book/notebooks/04_eda.ipynb
    deps:
    - path: data/downloads/country_borders.geojson
      hash: md5
      md5: dd213118020e9d2604bf9f29b540bfa5
      size: 1758506
    - path: data/downloads/nuts_regions.geojson
      hash: md5
      md5: deef50e6af7cf70882303055901eae9c
      size: 7149154
    - path: data/processed/capacity_by_region_year.parquet
      hash: md5
      md5: f742a5cfeb1c1a66a51bddade3653fe1
      size: 588675
    - path: data/processed/capacity_by_region_year_pv_category.parquet
      hash: md5
      md5: 73296b08c3718e079c5e1690e80c5206
      size: 546842
    - path: data/processed/capacity_events.parquet
      hash: md5
      md5: 9fc58d08e674dbb80b45d8c10f5ab374
      size: 147620575
    - path: data/processed/offshore_regions.geojson
      hash: md5
      md5: 0bae64cc6eae340ba323c5ba83137532
      size: 1594
    - path: pipeline/04_eda.py
      hash: md5
      md5: c6e7811e87c400bccab82890e1908186
      size: 22057
    outs:
    - path: book/notebooks/04_eda.ipynb
      hash: md5
      md5: 7d58e5e03c0e61f7970b59f9e4e25d09
      size: 39865
    - path: output/images/04_capacity_map_animation.gif
      hash: md5
      md5: d6ea875774ebeb0dc8f95441e579ccfd
      size: 2259670
    - path: output/images/04_capacity_map_solar.png
      hash: md5
      md5: c93a2d04dc998ff9f0198edd4cb14959
      size: 341532
    - path: output/images/04_capacity_map_wind.png
      hash: md5
      md5: a45bdc50cd620d9fafc540b01e86c9e5
      size: 201689
    - path: output/images/04_offshore_regions_map.png
      hash: md5
      md5: a5c4b156aeac2ea60fa94288cb49f579
      size: 285411
    - path: output/images/04_pv_category_by_state.png
      hash: md5
      md5: 25179e7ed95f2613320c53d3ad6b665a
      size: 82455
    - path: output/images/04_pv_category_installation_type.png
      hash: md5
      md5: 25656700749c8a5f360c5fc4f61e71e5
      size: 46862
    - path: output/images/04_pv_category_over_time.png
      hash: md5
      md5: 3340ae757a59d9d983ecb20cd7b43a46
      size: 69856
    - path: output/images/04_pv_category_size_distribution.png
      hash: md5
      md5: 094385f416f11d41227d3a382b80c3ce
      size: 37950
    - path: output/images/04_pv_category_usage_sector.png
      hash: md5
      md5: 4386eb9f09d58478f50aad3fd3fbce20
      size: 46989
    - path: output/images/04_solar_wind_capacity_over_time.png
      hash: md5
      md5: 54371d6c7c647526465fb250468979ab
      size: 57892
    - path: output/images/04_storage_capacity_over_time.png
      hash: md5
      md5: 1ed1b1ebb1ebdfb1aee301fd1bebf7a5
      size: 43746
  process_region_granularity:
    cmd: MPLBACKEND=Agg uv run jupytext --to notebook --execute --set-kernel 
      python3 --output book/notebooks/05_region_granularity.ipynb 
      pipeline/05_region_granularity.py && uv run python 
      pipeline/_strip_jupytext_metadata.py 
      book/notebooks/05_region_granularity.ipynb
    deps:
    - path: data/downloads/country_borders.geojson
      hash: md5
      md5: dd213118020e9d2604bf9f29b540bfa5
      size: 1758506
    - path: data/downloads/nuts_regions.geojson
      hash: md5
      md5: deef50e6af7cf70882303055901eae9c
      size: 7149154
    - path: pipeline/05_region_granularity.py
      hash: md5
      md5: 47c2cb2d66672639f4ea951159828be1
      size: 3300
    outs:
    - path: book/notebooks/05_region_granularity.ipynb
      hash: md5
      md5: 51513a6e7dac76cb71639a652c20562e
      size: 6500
    - path: output/images/05_nuts2_regions_map.png
      hash: md5
      md5: 84fba3b6963f66133aa9f176bd1d9601
      size: 230701
    - path: output/images/05_nuts3_regions_map.png
      hash: md5
      md5: 89a02e177d24a4ce28018e99ca90558a
      size: 422693
  download_pecd_masks:
    cmd: uv run python pipeline/06_download_pecd_masks.py
    deps:
    - path: pipeline/06_download_pecd_masks.py
      hash: md5
      md5: f2ee6e875225a23ac63389013b3775bd
      size: 2022
    outs:
    - path: data/downloads/pecd/peof_region_mask.nc
      hash: md5
      md5: 388b1ec71e500c49fba331e02678be8c
      size: 34665619
    - path: data/downloads/pecd/peon_region_mask.nc
      hash: md5
      md5: 3564693594af076c9fc01fe336b829d3
      size: 85514663
  build_wind_zone_panel:
    cmd: uv run python pipeline/07_build_wind_zone_panel.py
    deps:
    - path: data/downloads/pecd/peof_region_mask.nc
      hash: md5
      md5: 388b1ec71e500c49fba331e02678be8c
      size: 34665619
    - path: data/downloads/pecd/peon_region_mask.nc
      hash: md5
      md5: 3564693594af076c9fc01fe336b829d3
      size: 85514663
    - path: data/processed/capacity_events.parquet
      hash: md5
      md5: 9fc58d08e674dbb80b45d8c10f5ab374
      size: 147620575
    - path: pipeline/07_build_wind_zone_panel.py
      hash: md5
      md5: b2841f01e485c4631da38e86666ec9f4
      size: 7459
    outs:
    - path: data/processed/capacity_by_peof_month.parquet
      hash: md5
      md5: 80e7b4e9fae9fdbb32bea88160373ad2
      size: 7259
    - path: data/processed/capacity_by_peon_month.parquet
      hash: md5
      md5: 007d9f28994339deb239fc0e2d35a333
      size: 21238
  process_pecd_zones_eda:
    cmd: MPLBACKEND=Agg uv run jupytext --to notebook --execute --set-kernel 
      python3 --output book/notebooks/08_pecd_zones_eda.ipynb 
      pipeline/08_pecd_zones_eda.py && uv run python 
      pipeline/_strip_jupytext_metadata.py 
      book/notebooks/08_pecd_zones_eda.ipynb
    deps:
    - path: data/downloads/country_borders.geojson
      hash: md5
      md5: dd213118020e9d2604bf9f29b540bfa5
      size: 1758506
    - path: data/downloads/nuts_regions.geojson
      hash: md5
      md5: deef50e6af7cf70882303055901eae9c
      size: 7149154
    - path: data/downloads/pecd/peof_region_mask.nc
      hash: md5
      md5: 388b1ec71e500c49fba331e02678be8c
      size: 34665619
    - path: data/downloads/pecd/peon_region_mask.nc
      hash: md5
      md5: 3564693594af076c9fc01fe336b829d3
      size: 85514663
    - path: pipeline/08_pecd_zones_eda.py
      hash: md5
      md5: 36c00070faf782b44400965ca9f11eec
      size: 7790
    outs:
    - path: book/notebooks/08_pecd_zones_eda.ipynb
      hash: md5
      md5: 3d048f6c01e08be58dce37a2f0b2cb76
      size: 12097
    - path: output/images/08_peof_zone_grid.png
      hash: md5
      md5: 3f2fcb0b5a201e2d5b1cda63f23f1a65
      size: 188957
    - path: output/images/08_peon_zone_grid.png
      hash: md5
      md5: d4869f1e87696227ba69d5cc5fa1cf98
      size: 511487
